// !$*UTF8*$!
{
	archiveVersion = 1;
	classes = {
	};
	objectVersion = 56;
	objects = {

/* Begin PBXBuildFile section */
		A86CA1482A404025006C3DC8 /* GoogleService-Info.plist in Resources */ = {isa = PBXBuildFile; fileRef = A86CA1472A404025006C3DC8 /* GoogleService-Info.plist */; };
		A86CA14B2A404069006C3DC8 /* FirebaseAuth in Frameworks */ = {isa = PBXBuildFile; productRef = A86CA14A2A404069006C3DC8 /* FirebaseAuth */; };
		A86CA14D2A404069006C3DC8 /* FirebaseFirestore in Frameworks */ = {isa = PBXBuildFile; productRef = A86CA14C2A404069006C3DC8 /* FirebaseFirestore */; };
		A86CA14F2A404069006C3DC8 /* FirebaseStorage in Frameworks */ = {isa = PBXBuildFile; productRef = A86CA14E2A404069006C3DC8 /* FirebaseStorage */; };
		A86CA1512A404108006C3DC8 /* FirebaseManager.swift in Sources */ = {isa = PBXBuildFile; fileRef = A86CA1502A404108006C3DC8 /* FirebaseManager.swift */; };
		A8700DF32A1DDAD500D60253 /* smartClassApp.swift in Sources */ = {isa = PBXBuildFile; fileRef = A8700DF22A1DDAD500D60253 /* smartClassApp.swift */; };
		A8700DF52A1DDAD500D60253 /* ContentView.swift in Sources */ = {isa = PBXBuildFile; fileRef = A8700DF42A1DDAD500D60253 /* ContentView.swift */; };
		A8700DF72A1DDAD600D60253 /* Assets.xcassets in Resources */ = {isa = PBXBuildFile; fileRef = A8700DF62A1DDAD600D60253 /* Assets.xcassets */; };
		A8700DFA2A1DDAD600D60253 /* Preview Assets.xcassets in Resources */ = {isa = PBXBuildFile; fileRef = A8700DF92A1DDAD600D60253 /* Preview Assets.xcassets */; };
		A8700E022A1DDBD400D60253 /* Nunito-VariableFont.ttf in Resources */ = {isa = PBXBuildFile; fileRef = A8700E012A1DDBD400D60253 /* Nunito-VariableFont.ttf */; };
		A8700E052A1DDC2A00D60253 /* FontManager.swift in Sources */ = {isa = PBXBuildFile; fileRef = A8700E042A1DDC2A00D60253 /* FontManager.swift */; };
		A8700E082A1DDC6100D60253 /* CustomFont.swift in Sources */ = {isa = PBXBuildFile; fileRef = A8700E072A1DDC6100D60253 /* CustomFont.swift */; };
		A8700E0B2A1DDCAD00D60253 /* View.ext.swift in Sources */ = {isa = PBXBuildFile; fileRef = A8700E0A2A1DDCAD00D60253 /* View.ext.swift */; };
		A8CE4D922A2B76B600CF698A /* GreetingView.swift in Sources */ = {isa = PBXBuildFile; fileRef = A8CE4D912A2B76B600CF698A /* GreetingView.swift */; };
		A8CE4D942A2B76DA00CF698A /* GreetingTwoView.swift in Sources */ = {isa = PBXBuildFile; fileRef = A8CE4D932A2B76DA00CF698A /* GreetingTwoView.swift */; };
		A8CE4D962A2B76FB00CF698A /* LoginView.swift in Sources */ = {isa = PBXBuildFile; fileRef = A8CE4D952A2B76FB00CF698A /* LoginView.swift */; };
		A8CE4D992A2B773F00CF698A /* TextFieldView.swift in Sources */ = {isa = PBXBuildFile; fileRef = A8CE4D982A2B773F00CF698A /* TextFieldView.swift */; };
		A8CE4D9B2A2B77BB00CF698A /* RegistrationView.swift in Sources */ = {isa = PBXBuildFile; fileRef = A8CE4D9A2A2B77BB00CF698A /* RegistrationView.swift */; };
		A8CE4D9F2A2B78D000CF698A /* StudentAppView.swift in Sources */ = {isa = PBXBuildFile; fileRef = A8CE4D9E2A2B78D000CF698A /* StudentAppView.swift */; };
		A8CE4DA22A2B7E5B00CF698A /* TabBarModel.swift in Sources */ = {isa = PBXBuildFile; fileRef = A8CE4DA12A2B7E5B00CF698A /* TabBarModel.swift */; };
		A8CE4DA52A2B7EB800CF698A /* Icons.swift in Sources */ = {isa = PBXBuildFile; fileRef = A8CE4DA42A2B7EB800CF698A /* Icons.swift */; };
		A8CE4DA72A2B7FDA00CF698A /* Colors.swift in Sources */ = {isa = PBXBuildFile; fileRef = A8CE4DA62A2B7FDA00CF698A /* Colors.swift */; };
		A8CE4DAA2A2CCC7100CF698A /* ProfileView.swift in Sources */ = {isa = PBXBuildFile; fileRef = A8CE4DA92A2CCC7100CF698A /* ProfileView.swift */; };
		A8CE4DAC2A2CCD1100CF698A /* SettingView.swift in Sources */ = {isa = PBXBuildFile; fileRef = A8CE4DAB2A2CCD1100CF698A /* SettingView.swift */; };
		A8CE4DAE2A2CCD9E00CF698A /* SettingTextFieldView.swift in Sources */ = {isa = PBXBuildFile; fileRef = A8CE4DAD2A2CCD9E00CF698A /* SettingTextFieldView.swift */; };
		A8CE4DB12A2CCDF600CF698A /* ButtonView.swift in Sources */ = {isa = PBXBuildFile; fileRef = A8CE4DB02A2CCDF600CF698A /* ButtonView.swift */; };
		A8CE4DB32A2CCE3700CF698A /* LessonView.swift in Sources */ = {isa = PBXBuildFile; fileRef = A8CE4DB22A2CCE3700CF698A /* LessonView.swift */; };
		A8CE4DB62A2DCF3A00CF698A /* MessagesView.swift in Sources */ = {isa = PBXBuildFile; fileRef = A8CE4DB52A2DCF3A00CF698A /* MessagesView.swift */; };
		A8CE4DB82A2DCF5700CF698A /* MessageItemView.swift in Sources */ = {isa = PBXBuildFile; fileRef = A8CE4DB72A2DCF5700CF698A /* MessageItemView.swift */; };
		A8CE4DBC2A2DCF9000CF698A /* MessageModel.swift in Sources */ = {isa = PBXBuildFile; fileRef = A8CE4DBB2A2DCF9000CF698A /* MessageModel.swift */; };
		A8CE4DC12A2DD1AB00CF698A /* CalendarTabView.swift in Sources */ = {isa = PBXBuildFile; fileRef = A8CE4DC02A2DD1AB00CF698A /* CalendarTabView.swift */; };
		A8CE4DC32A2DD1D500CF698A /* TimetableCard.swift in Sources */ = {isa = PBXBuildFile; fileRef = A8CE4DC22A2DD1D500CF698A /* TimetableCard.swift */; };
		A8CE4DC52A2DD1ED00CF698A /* TimetableCardView.swift in Sources */ = {isa = PBXBuildFile; fileRef = A8CE4DC42A2DD1ED00CF698A /* TimetableCardView.swift */; };
		A8CE4DC82A2DD76100CF698A /* CalendarView.swift in Sources */ = {isa = PBXBuildFile; fileRef = A8CE4DC72A2DD76100CF698A /* CalendarView.swift */; };
		A8CE4DCA2A2DD79400CF698A /* CalendarViewModel.swift in Sources */ = {isa = PBXBuildFile; fileRef = A8CE4DC92A2DD79400CF698A /* CalendarViewModel.swift */; };
		A8CE4DCC2A2DD80400CF698A /* Date.ext.swift in Sources */ = {isa = PBXBuildFile; fileRef = A8CE4DCB2A2DD80300CF698A /* Date.ext.swift */; };
		A8CE4DCF2A2DD85E00CF698A /* Color.ext.swift in Sources */ = {isa = PBXBuildFile; fileRef = A8CE4DCE2A2DD85E00CF698A /* Color.ext.swift */; };
		A8CE4DD12A2DDFE900CF698A /* AppViewModel.swift in Sources */ = {isa = PBXBuildFile; fileRef = A8CE4DD02A2DDFE900CF698A /* AppViewModel.swift */; };
/* End PBXBuildFile section */

/* Begin PBXFileReference section */
		A86CA1472A404025006C3DC8 /* GoogleService-Info.plist */ = {isa = PBXFileReference; fileEncoding = 4; lastKnownFileType = text.plist.xml; path = "GoogleService-Info.plist"; sourceTree = "<group>"; };
		A86CA1502A404108006C3DC8 /* FirebaseManager.swift */ = {isa = PBXFileReference; lastKnownFileType = sourcecode.swift; path = FirebaseManager.swift; sourceTree = "<group>"; };
		A8700DEF2A1DDAD500D60253 /* smartClass.app */ = {isa = PBXFileReference; explicitFileType = wrapper.application; includeInIndex = 0; path = smartClass.app; sourceTree = BUILT_PRODUCTS_DIR; };
		A8700DF22A1DDAD500D60253 /* smartClassApp.swift */ = {isa = PBXFileReference; lastKnownFileType = sourcecode.swift; path = smartClassApp.swift; sourceTree = "<group>"; };
		A8700DF42A1DDAD500D60253 /* ContentView.swift */ = {isa = PBXFileReference; lastKnownFileType = sourcecode.swift; path = ContentView.swift; sourceTree = "<group>"; };
		A8700DF62A1DDAD600D60253 /* Assets.xcassets */ = {isa = PBXFileReference; lastKnownFileType = folder.assetcatalog; path = Assets.xcassets; sourceTree = "<group>"; };
		A8700DF92A1DDAD600D60253 /* Preview Assets.xcassets */ = {isa = PBXFileReference; lastKnownFileType = folder.assetcatalog; path = "Preview Assets.xcassets"; sourceTree = "<group>"; };
		A8700E012A1DDBD400D60253 /* Nunito-VariableFont.ttf */ = {isa = PBXFileReference; lastKnownFileType = file; path = "Nunito-VariableFont.ttf"; sourceTree = "<group>"; };
		A8700E032A1DDBFC00D60253 /* Info.plist */ = {isa = PBXFileReference; lastKnownFileType = text.plist; path = Info.plist; sourceTree = "<group>"; };
		A8700E042A1DDC2A00D60253 /* FontManager.swift */ = {isa = PBXFileReference; lastKnownFileType = sourcecode.swift; path = FontManager.swift; sourceTree = "<group>"; };
		A8700E072A1DDC6100D60253 /* CustomFont.swift */ = {isa = PBXFileReference; lastKnownFileType = sourcecode.swift; path = CustomFont.swift; sourceTree = "<group>"; };
		A8700E0A2A1DDCAD00D60253 /* View.ext.swift */ = {isa = PBXFileReference; lastKnownFileType = sourcecode.swift; path = View.ext.swift; sourceTree = "<group>"; };
		A8CE4D912A2B76B600CF698A /* GreetingView.swift */ = {isa = PBXFileReference; lastKnownFileType = sourcecode.swift; path = GreetingView.swift; sourceTree = "<group>"; };
		A8CE4D932A2B76DA00CF698A /* GreetingTwoView.swift */ = {isa = PBXFileReference; lastKnownFileType = sourcecode.swift; path = GreetingTwoView.swift; sourceTree = "<group>"; };
		A8CE4D952A2B76FB00CF698A /* LoginView.swift */ = {isa = PBXFileReference; lastKnownFileType = sourcecode.swift; path = LoginView.swift; sourceTree = "<group>"; };
		A8CE4D982A2B773F00CF698A /* TextFieldView.swift */ = {isa = PBXFileReference; lastKnownFileType = sourcecode.swift; path = TextFieldView.swift; sourceTree = "<group>"; };
		A8CE4D9A2A2B77BB00CF698A /* RegistrationView.swift */ = {isa = PBXFileReference; lastKnownFileType = sourcecode.swift; path = RegistrationView.swift; sourceTree = "<group>"; };
		A8CE4D9E2A2B78D000CF698A /* StudentAppView.swift */ = {isa = PBXFileReference; lastKnownFileType = sourcecode.swift; path = StudentAppView.swift; sourceTree = "<group>"; };
		A8CE4DA12A2B7E5B00CF698A /* TabBarModel.swift */ = {isa = PBXFileReference; lastKnownFileType = sourcecode.swift; path = TabBarModel.swift; sourceTree = "<group>"; };
		A8CE4DA42A2B7EB800CF698A /* Icons.swift */ = {isa = PBXFileReference; lastKnownFileType = sourcecode.swift; path = Icons.swift; sourceTree = "<group>"; };
		A8CE4DA62A2B7FDA00CF698A /* Colors.swift */ = {isa = PBXFileReference; lastKnownFileType = sourcecode.swift; path = Colors.swift; sourceTree = "<group>"; };
		A8CE4DA92A2CCC7100CF698A /* ProfileView.swift */ = {isa = PBXFileReference; lastKnownFileType = sourcecode.swift; path = ProfileView.swift; sourceTree = "<group>"; };
		A8CE4DAB2A2CCD1100CF698A /* SettingView.swift */ = {isa = PBXFileReference; lastKnownFileType = sourcecode.swift; path = SettingView.swift; sourceTree = "<group>"; };
		A8CE4DAD2A2CCD9E00CF698A /* SettingTextFieldView.swift */ = {isa = PBXFileReference; lastKnownFileType = sourcecode.swift; path = SettingTextFieldView.swift; sourceTree = "<group>"; };
		A8CE4DB02A2CCDF600CF698A /* ButtonView.swift */ = {isa = PBXFileReference; lastKnownFileType = sourcecode.swift; path = ButtonView.swift; sourceTree = "<group>"; };
		A8CE4DB22A2CCE3700CF698A /* LessonView.swift */ = {isa = PBXFileReference; lastKnownFileType = sourcecode.swift; path = LessonView.swift; sourceTree = "<group>"; };
		A8CE4DB52A2DCF3A00CF698A /* MessagesView.swift */ = {isa = PBXFileReference; lastKnownFileType = sourcecode.swift; path = MessagesView.swift; sourceTree = "<group>"; };
		A8CE4DB72A2DCF5700CF698A /* MessageItemView.swift */ = {isa = PBXFileReference; lastKnownFileType = sourcecode.swift; path = MessageItemView.swift; sourceTree = "<group>"; };
		A8CE4DBB2A2DCF9000CF698A /* MessageModel.swift */ = {isa = PBXFileReference; lastKnownFileType = sourcecode.swift; path = MessageModel.swift; sourceTree = "<group>"; };
		A8CE4DC02A2DD1AB00CF698A /* CalendarTabView.swift */ = {isa = PBXFileReference; lastKnownFileType = sourcecode.swift; path = CalendarTabView.swift; sourceTree = "<group>"; };
		A8CE4DC22A2DD1D500CF698A /* TimetableCard.swift */ = {isa = PBXFileReference; lastKnownFileType = sourcecode.swift; path = TimetableCard.swift; sourceTree = "<group>"; };
		A8CE4DC42A2DD1ED00CF698A /* TimetableCardView.swift */ = {isa = PBXFileReference; lastKnownFileType = sourcecode.swift; path = TimetableCardView.swift; sourceTree = "<group>"; };
		A8CE4DC72A2DD76100CF698A /* CalendarView.swift */ = {isa = PBXFileReference; lastKnownFileType = sourcecode.swift; path = CalendarView.swift; sourceTree = "<group>"; };
		A8CE4DC92A2DD79400CF698A /* CalendarViewModel.swift */ = {isa = PBXFileReference; lastKnownFileType = sourcecode.swift; path = CalendarViewModel.swift; sourceTree = "<group>"; };
		A8CE4DCB2A2DD80300CF698A /* Date.ext.swift */ = {isa = PBXFileReference; lastKnownFileType = sourcecode.swift; path = Date.ext.swift; sourceTree = "<group>"; };
		A8CE4DCE2A2DD85E00CF698A /* Color.ext.swift */ = {isa = PBXFileReference; lastKnownFileType = sourcecode.swift; path = Color.ext.swift; sourceTree = "<group>"; };
		A8CE4DD02A2DDFE900CF698A /* AppViewModel.swift */ = {isa = PBXFileReference; lastKnownFileType = sourcecode.swift; path = AppViewModel.swift; sourceTree = "<group>"; };
/* End PBXFileReference section */

/* Begin PBXFrameworksBuildPhase section */
		A8700DEC2A1DDAD500D60253 /* Frameworks */ = {
			isa = PBXFrameworksBuildPhase;
			buildActionMask = 2147483647;
			files = (
				A86CA14B2A404069006C3DC8 /* FirebaseAuth in Frameworks */,
				A86CA14D2A404069006C3DC8 /* FirebaseFirestore in Frameworks */,
				A86CA14F2A404069006C3DC8 /* FirebaseStorage in Frameworks */,
			);
			runOnlyForDeploymentPostprocessing = 0;
		};
/* End PBXFrameworksBuildPhase section */

/* Begin PBXGroup section */
		A8700DE62A1DDAD500D60253 = {
			isa = PBXGroup;
			children = (
				A8700DF12A1DDAD500D60253 /* smartClass */,
				A8700DF02A1DDAD500D60253 /* Products */,
			);
			sourceTree = "<group>";
		};
		A8700DF02A1DDAD500D60253 /* Products */ = {
			isa = PBXGroup;
			children = (
				A8700DEF2A1DDAD500D60253 /* smartClass.app */,
			);
			name = Products;
			sourceTree = "<group>";
		};
		A8700DF12A1DDAD500D60253 /* smartClass */ = {
			isa = PBXGroup;
			children = (
				A8CE4DA32A2B7EA700CF698A /* Resources */,
				A8700E062A1DDC4900D60253 /* Modifiers */,
				A8700E092A1DDC9D00D60253 /* Extension */,
				A8700E002A1DDB6B00D60253 /* Fonts */,
				A8CE4D712A2B71E900CF698A /* ViewModel */,
				A8CE4D702A2B71E500CF698A /* View */,
				A8CE4D6F2A2B71D500CF698A /* Model */,
				A8700E032A1DDBFC00D60253 /* Info.plist */,
				A86CA1472A404025006C3DC8 /* GoogleService-Info.plist */,
				A8700DF22A1DDAD500D60253 /* smartClassApp.swift */,
				A8700DF62A1DDAD600D60253 /* Assets.xcassets */,
				A8700DF82A1DDAD600D60253 /* Preview Content */,
			);
			path = smartClass;
			sourceTree = "<group>";
		};
		A8700DF82A1DDAD600D60253 /* Preview Content */ = {
			isa = PBXGroup;
			children = (
				A8700DF92A1DDAD600D60253 /* Preview Assets.xcassets */,
			);
			path = "Preview Content";
			sourceTree = "<group>";
		};
		A8700E002A1DDB6B00D60253 /* Fonts */ = {
			isa = PBXGroup;
			children = (
				A8700E012A1DDBD400D60253 /* Nunito-VariableFont.ttf */,
				A8700E042A1DDC2A00D60253 /* FontManager.swift */,
			);
			path = Fonts;
			sourceTree = "<group>";
		};
		A8700E062A1DDC4900D60253 /* Modifiers */ = {
			isa = PBXGroup;
			children = (
				A8700E072A1DDC6100D60253 /* CustomFont.swift */,
			);
			path = Modifiers;
			sourceTree = "<group>";
		};
		A8700E092A1DDC9D00D60253 /* Extension */ = {
			isa = PBXGroup;
			children = (
				A8700E0A2A1DDCAD00D60253 /* View.ext.swift */,
				A8CE4DCB2A2DD80300CF698A /* Date.ext.swift */,
				A8CE4DCE2A2DD85E00CF698A /* Color.ext.swift */,
			);
			path = Extension;
			sourceTree = "<group>";
		};
		A8CE4D6F2A2B71D500CF698A /* Model */ = {
			isa = PBXGroup;
			children = (
				A8CE4DB92A2DCF8000CF698A /* Messages */,
				A8CE4DA02A2B7E4200CF698A /* TabBar */,
				A86CA1502A404108006C3DC8 /* FirebaseManager.swift */,
			);
			path = Model;
			sourceTree = "<group>";
		};
		A8CE4D702A2B71E500CF698A /* View */ = {
			isa = PBXGroup;
			children = (
				A8CE4DAF2A2CCDE700CF698A /* Parts */,
				A8CE4D732A2B721300CF698A /* Login */,
				A8CE4D722A2B720F00CF698A /* App */,
				A8700DF42A1DDAD500D60253 /* ContentView.swift */,
			);
			path = View;
			sourceTree = "<group>";
		};
		A8CE4D712A2B71E900CF698A /* ViewModel */ = {
			isa = PBXGroup;
			children = (
				A8CE4DC92A2DD79400CF698A /* CalendarViewModel.swift */,
				A8CE4DD02A2DDFE900CF698A /* AppViewModel.swift */,
			);
			path = ViewModel;
			sourceTree = "<group>";
		};
		A8CE4D722A2B720F00CF698A /* App */ = {
			isa = PBXGroup;
			children = (
				A8CE4D9D2A2B78B600CF698A /* Student */,
				A8CE4D9C2A2B78AD00CF698A /* Admin */,
			);
			path = App;
			sourceTree = "<group>";
		};
		A8CE4D732A2B721300CF698A /* Login */ = {
			isa = PBXGroup;
			children = (
				A8CE4D972A2B773600CF698A /* Parts */,
				A8CE4D912A2B76B600CF698A /* GreetingView.swift */,
				A8CE4D932A2B76DA00CF698A /* GreetingTwoView.swift */,
				A8CE4D952A2B76FB00CF698A /* LoginView.swift */,
				A8CE4D9A2A2B77BB00CF698A /* RegistrationView.swift */,
			);
			path = Login;
			sourceTree = "<group>";
		};
		A8CE4D972A2B773600CF698A /* Parts */ = {
			isa = PBXGroup;
			children = (
				A8CE4D982A2B773F00CF698A /* TextFieldView.swift */,
			);
			path = Parts;
			sourceTree = "<group>";
		};
		A8CE4D9C2A2B78AD00CF698A /* Admin */ = {
			isa = PBXGroup;
			children = (
			);
			path = Admin;
			sourceTree = "<group>";
		};
		A8CE4D9D2A2B78B600CF698A /* Student */ = {
			isa = PBXGroup;
			children = (
				A8CE4DBD2A2DD18200CF698A /* Calendar */,
				A8CE4DB42A2DCEF000CF698A /* Messages */,
				A8CE4DA82A2CCC5B00CF698A /* Profile */,
				A8CE4D9E2A2B78D000CF698A /* StudentAppView.swift */,
			);
			path = Student;
			sourceTree = "<group>";
		};
		A8CE4DA02A2B7E4200CF698A /* TabBar */ = {
			isa = PBXGroup;
			children = (
				A8CE4DA12A2B7E5B00CF698A /* TabBarModel.swift */,
			);
			path = TabBar;
			sourceTree = "<group>";
		};
		A8CE4DA32A2B7EA700CF698A /* Resources */ = {
			isa = PBXGroup;
			children = (
				A8CE4DA42A2B7EB800CF698A /* Icons.swift */,
				A8CE4DA62A2B7FDA00CF698A /* Colors.swift */,
			);
			path = Resources;
			sourceTree = "<group>";
		};
		A8CE4DA82A2CCC5B00CF698A /* Profile */ = {
			isa = PBXGroup;
			children = (
				A8CE4DA92A2CCC7100CF698A /* ProfileView.swift */,
				A8CE4DAB2A2CCD1100CF698A /* SettingView.swift */,
				A8CE4DAD2A2CCD9E00CF698A /* SettingTextFieldView.swift */,
				A8CE4DB22A2CCE3700CF698A /* LessonView.swift */,
			);
			path = Profile;
			sourceTree = "<group>";
		};
		A8CE4DAF2A2CCDE700CF698A /* Parts */ = {
			isa = PBXGroup;
			children = (
				A8CE4DB02A2CCDF600CF698A /* ButtonView.swift */,
			);
			path = Parts;
			sourceTree = "<group>";
		};
		A8CE4DB42A2DCEF000CF698A /* Messages */ = {
			isa = PBXGroup;
			children = (
				A8CE4DB52A2DCF3A00CF698A /* MessagesView.swift */,
				A8CE4DB72A2DCF5700CF698A /* MessageItemView.swift */,
			);
			path = Messages;
			sourceTree = "<group>";
		};
		A8CE4DB92A2DCF8000CF698A /* Messages */ = {
			isa = PBXGroup;
			children = (
				A8CE4DBB2A2DCF9000CF698A /* MessageModel.swift */,
			);
			path = Messages;
			sourceTree = "<group>";
		};
		A8CE4DBD2A2DD18200CF698A /* Calendar */ = {
			isa = PBXGroup;
			children = (
				A8CE4DC62A2DD73D00CF698A /* Calendar View */,
				A8CE4DC02A2DD1AB00CF698A /* CalendarTabView.swift */,
				A8CE4DC22A2DD1D500CF698A /* TimetableCard.swift */,
				A8CE4DC42A2DD1ED00CF698A /* TimetableCardView.swift */,
			);
			path = Calendar;
			sourceTree = "<group>";
		};
		A8CE4DC62A2DD73D00CF698A /* Calendar View */ = {
			isa = PBXGroup;
			children = (
				A8CE4DC72A2DD76100CF698A /* CalendarView.swift */,
			);
			path = "Calendar View";
			sourceTree = "<group>";
		};
/* End PBXGroup section */

/* Begin PBXNativeTarget section */
		A8700DEE2A1DDAD500D60253 /* smartClass */ = {
			isa = PBXNativeTarget;
			buildConfigurationList = A8700DFD2A1DDAD600D60253 /* Build configuration list for PBXNativeTarget "smartClass" */;
			buildPhases = (
				A8700DEB2A1DDAD500D60253 /* Sources */,
				A8700DEC2A1DDAD500D60253 /* Frameworks */,
				A8700DED2A1DDAD500D60253 /* Resources */,
			);
			buildRules = (
			);
			dependencies = (
			);
			name = smartClass;
			packageProductDependencies = (
				A86CA14A2A404069006C3DC8 /* FirebaseAuth */,
				A86CA14C2A404069006C3DC8 /* FirebaseFirestore */,
				A86CA14E2A404069006C3DC8 /* FirebaseStorage */,
			);
			productName = smartClass;
			productReference = A8700DEF2A1DDAD500D60253 /* smartClass.app */;
			productType = "com.apple.product-type.application";
		};
/* End PBXNativeTarget section */

/* Begin PBXProject section */
		A8700DE72A1DDAD500D60253 /* Project object */ = {
			isa = PBXProject;
			attributes = {
				BuildIndependentTargetsInParallel = 1;
				LastSwiftUpdateCheck = 1400;
				LastUpgradeCheck = 1400;
				TargetAttributes = {
					A8700DEE2A1DDAD500D60253 = {
						CreatedOnToolsVersion = 14.0;
					};
				};
			};
			buildConfigurationList = A8700DEA2A1DDAD500D60253 /* Build configuration list for PBXProject "smartClass" */;
			compatibilityVersion = "Xcode 14.0";
			developmentRegion = en;
			hasScannedForEncodings = 0;
			knownRegions = (
				en,
				Base,
			);
			mainGroup = A8700DE62A1DDAD500D60253;
			packageReferences = (
				A86CA1492A404069006C3DC8 /* XCRemoteSwiftPackageReference "firebase-ios-sdk" */,
			);
			productRefGroup = A8700DF02A1DDAD500D60253 /* Products */;
			projectDirPath = "";
			projectRoot = "";
			targets = (
				A8700DEE2A1DDAD500D60253 /* smartClass */,
			);
		};
/* End PBXProject section */

/* Begin PBXResourcesBuildPhase section */
		A8700DED2A1DDAD500D60253 /* Resources */ = {
			isa = PBXResourcesBuildPhase;
			buildActionMask = 2147483647;
			files = (
				A8700DFA2A1DDAD600D60253 /* Preview Assets.xcassets in Resources */,
				A86CA1482A404025006C3DC8 /* GoogleService-Info.plist in Resources */,
				A8700E022A1DDBD400D60253 /* Nunito-VariableFont.ttf in Resources */,
				A8700DF72A1DDAD600D60253 /* Assets.xcassets in Resources */,
			);
			runOnlyForDeploymentPostprocessing = 0;
		};
/* End PBXResourcesBuildPhase section */

/* Begin PBXSourcesBuildPhase section */
		A8700DEB2A1DDAD500D60253 /* Sources */ = {
			isa = PBXSourcesBuildPhase;
			buildActionMask = 2147483647;
			files = (
				A8CE4DB62A2DCF3A00CF698A /* MessagesView.swift in Sources */,
				A8CE4DA52A2B7EB800CF698A /* Icons.swift in Sources */,
				A8CE4DC12A2DD1AB00CF698A /* CalendarTabView.swift in Sources */,
				A8700DF52A1DDAD500D60253 /* ContentView.swift in Sources */,
				A8CE4DB32A2CCE3700CF698A /* LessonView.swift in Sources */,
				A8CE4DCF2A2DD85E00CF698A /* Color.ext.swift in Sources */,
				A8CE4DB82A2DCF5700CF698A /* MessageItemView.swift in Sources */,
				A8CE4DC82A2DD76100CF698A /* CalendarView.swift in Sources */,
				A8CE4D922A2B76B600CF698A /* GreetingView.swift in Sources */,
				A86CA1512A404108006C3DC8 /* FirebaseManager.swift in Sources */,
				A8CE4DA72A2B7FDA00CF698A /* Colors.swift in Sources */,
				A8700E082A1DDC6100D60253 /* CustomFont.swift in Sources */,
				A8CE4DAC2A2CCD1100CF698A /* SettingView.swift in Sources */,
				A8700E052A1DDC2A00D60253 /* FontManager.swift in Sources */,
				A8700DF32A1DDAD500D60253 /* smartClassApp.swift in Sources */,
				A8CE4DC52A2DD1ED00CF698A /* TimetableCardView.swift in Sources */,
				A8CE4DB12A2CCDF600CF698A /* ButtonView.swift in Sources */,
				A8CE4DAA2A2CCC7100CF698A /* ProfileView.swift in Sources */,
				A8CE4D9F2A2B78D000CF698A /* StudentAppView.swift in Sources */,
				A8700E0B2A1DDCAD00D60253 /* View.ext.swift in Sources */,
				A8CE4DCC2A2DD80400CF698A /* Date.ext.swift in Sources */,
				A8CE4DD12A2DDFE900CF698A /* AppViewModel.swift in Sources */,
				A8CE4D962A2B76FB00CF698A /* LoginView.swift in Sources */,
				A8CE4D942A2B76DA00CF698A /* GreetingTwoView.swift in Sources */,
				A8CE4DA22A2B7E5B00CF698A /* TabBarModel.swift in Sources */,
				A8CE4D992A2B773F00CF698A /* TextFieldView.swift in Sources */,
				A8CE4DBC2A2DCF9000CF698A /* MessageModel.swift in Sources */,
				A8CE4D9B2A2B77BB00CF698A /* RegistrationView.swift in Sources */,
				A8CE4DCA2A2DD79400CF698A /* CalendarViewModel.swift in Sources */,
				A8CE4DAE2A2CCD9E00CF698A /* SettingTextFieldView.swift in Sources */,
				A8CE4DC32A2DD1D500CF698A /* TimetableCard.swift in Sources */,
			);
			runOnlyForDeploymentPostprocessing = 0;
		};
/* End PBXSourcesBuildPhase section */

/* Begin XCBuildConfiguration section */
		A8700DFB2A1DDAD600D60253 /* Debug */ = {
			isa = XCBuildConfiguration;
			buildSettings = {
				ALWAYS_SEARCH_USER_PATHS = NO;
				CLANG_ANALYZER_NONNULL = YES;
				CLANG_ANALYZER_NUMBER_OBJECT_CONVERSION = YES_AGGRESSIVE;
				CLANG_CXX_LANGUAGE_STANDARD = "gnu++20";
				CLANG_ENABLE_MODULES = YES;
				CLANG_ENABLE_OBJC_ARC = YES;
				CLANG_ENABLE_OBJC_WEAK = YES;
				CLANG_WARN_BLOCK_CAPTURE_AUTORELEASING = YES;
				CLANG_WARN_BOOL_CONVERSION = YES;
				CLANG_WARN_COMMA = YES;
				CLANG_WARN_CONSTANT_CONVERSION = YES;
				CLANG_WARN_DEPRECATED_OBJC_IMPLEMENTATIONS = YES;
				CLANG_WARN_DIRECT_OBJC_ISA_USAGE = YES_ERROR;
				CLANG_WARN_DOCUMENTATION_COMMENTS = YES;
				CLANG_WARN_EMPTY_BODY = YES;
				CLANG_WARN_ENUM_CONVERSION = YES;
				CLANG_WARN_INFINITE_RECURSION = YES;
				CLANG_WARN_INT_CONVERSION = YES;
				CLANG_WARN_NON_LITERAL_NULL_CONVERSION = YES;
				CLANG_WARN_OBJC_IMPLICIT_RETAIN_SELF = YES;
				CLANG_WARN_OBJC_LITERAL_CONVERSION = YES;
				CLANG_WARN_OBJC_ROOT_CLASS = YES_ERROR;
				CLANG_WARN_QUOTED_INCLUDE_IN_FRAMEWORK_HEADER = YES;
				CLANG_WARN_RANGE_LOOP_ANALYSIS = YES;
				CLANG_WARN_STRICT_PROTOTYPES = YES;
				CLANG_WARN_SUSPICIOUS_MOVE = YES;
				CLANG_WARN_UNGUARDED_AVAILABILITY = YES_AGGRESSIVE;
				CLANG_WARN_UNREACHABLE_CODE = YES;
				CLANG_WARN__DUPLICATE_METHOD_MATCH = YES;
				COPY_PHASE_STRIP = NO;
				DEBUG_INFORMATION_FORMAT = dwarf;
				ENABLE_STRICT_OBJC_MSGSEND = YES;
				ENABLE_TESTABILITY = YES;
				GCC_C_LANGUAGE_STANDARD = gnu11;
				GCC_DYNAMIC_NO_PIC = NO;
				GCC_NO_COMMON_BLOCKS = YES;
				GCC_OPTIMIZATION_LEVEL = 0;
				GCC_PREPROCESSOR_DEFINITIONS = (
					"DEBUG=1",
					"$(inherited)",
				);
				GCC_WARN_64_TO_32_BIT_CONVERSION = YES;
				GCC_WARN_ABOUT_RETURN_TYPE = YES_ERROR;
				GCC_WARN_UNDECLARED_SELECTOR = YES;
				GCC_WARN_UNINITIALIZED_AUTOS = YES_AGGRESSIVE;
				GCC_WARN_UNUSED_FUNCTION = YES;
				GCC_WARN_UNUSED_VARIABLE = YES;
				IPHONEOS_DEPLOYMENT_TARGET = 16.0;
				MTL_ENABLE_DEBUG_INFO = INCLUDE_SOURCE;
				MTL_FAST_MATH = YES;
				ONLY_ACTIVE_ARCH = YES;
				SDKROOT = iphoneos;
				SWIFT_ACTIVE_COMPILATION_CONDITIONS = DEBUG;
				SWIFT_OPTIMIZATION_LEVEL = "-Onone";
			};
			name = Debug;
		};
		A8700DFC2A1DDAD600D60253 /* Release */ = {
			isa = XCBuildConfiguration;
			buildSettings = {
				ALWAYS_SEARCH_USER_PATHS = NO;
				CLANG_ANALYZER_NONNULL = YES;
				CLANG_ANALYZER_NUMBER_OBJECT_CONVERSION = YES_AGGRESSIVE;
				CLANG_CXX_LANGUAGE_STANDARD = "gnu++20";
				CLANG_ENABLE_MODULES = YES;
				CLANG_ENABLE_OBJC_ARC = YES;
				CLANG_ENABLE_OBJC_WEAK = YES;
				CLANG_WARN_BLOCK_CAPTURE_AUTORELEASING = YES;
				CLANG_WARN_BOOL_CONVERSION = YES;
				CLANG_WARN_COMMA = YES;
				CLANG_WARN_CONSTANT_CONVERSION = YES;
				CLANG_WARN_DEPRECATED_OBJC_IMPLEMENTATIONS = YES;
				CLANG_WARN_DIRECT_OBJC_ISA_USAGE = YES_ERROR;
				CLANG_WARN_DOCUMENTATION_COMMENTS = YES;
				CLANG_WARN_EMPTY_BODY = YES;
				CLANG_WARN_ENUM_CONVERSION = YES;
				CLANG_WARN_INFINITE_RECURSION = YES;
				CLANG_WARN_INT_CONVERSION = YES;
				CLANG_WARN_NON_LITERAL_NULL_CONVERSION = YES;
				CLANG_WARN_OBJC_IMPLICIT_RETAIN_SELF = YES;
				CLANG_WARN_OBJC_LITERAL_CONVERSION = YES;
				CLANG_WARN_OBJC_ROOT_CLASS = YES_ERROR;
				CLANG_WARN_QUOTED_INCLUDE_IN_FRAMEWORK_HEADER = YES;
				CLANG_WARN_RANGE_LOOP_ANALYSIS = YES;
				CLANG_WARN_STRICT_PROTOTYPES = YES;
				CLANG_WARN_SUSPICIOUS_MOVE = YES;
				CLANG_WARN_UNGUARDED_AVAILABILITY = YES_AGGRESSIVE;
				CLANG_WARN_UNREACHABLE_CODE = YES;
				CLANG_WARN__DUPLICATE_METHOD_MATCH = YES;
				COPY_PHASE_STRIP = NO;
				DEBUG_INFORMATION_FORMAT = "dwarf-with-dsym";
				ENABLE_NS_ASSERTIONS = NO;
				ENABLE_STRICT_OBJC_MSGSEND = YES;
				GCC_C_LANGUAGE_STANDARD = gnu11;
				GCC_NO_COMMON_BLOCKS = YES;
				GCC_WARN_64_TO_32_BIT_CONVERSION = YES;
				GCC_WARN_ABOUT_RETURN_TYPE = YES_ERROR;
				GCC_WARN_UNDECLARED_SELECTOR = YES;
				GCC_WARN_UNINITIALIZED_AUTOS = YES_AGGRESSIVE;
				GCC_WARN_UNUSED_FUNCTION = YES;
				GCC_WARN_UNUSED_VARIABLE = YES;
				IPHONEOS_DEPLOYMENT_TARGET = 16.0;
				MTL_ENABLE_DEBUG_INFO = NO;
				MTL_FAST_MATH = YES;
				SDKROOT = iphoneos;
				SWIFT_COMPILATION_MODE = wholemodule;
				SWIFT_OPTIMIZATION_LEVEL = "-O";
				VALIDATE_PRODUCT = YES;
			};
			name = Release;
		};
		A8700DFE2A1DDAD600D60253 /* Debug */ = {
			isa = XCBuildConfiguration;
			buildSettings = {
				ASSETCATALOG_COMPILER_APPICON_NAME = AppIcon;
				ASSETCATALOG_COMPILER_GLOBAL_ACCENT_COLOR_NAME = AccentColor;
				CODE_SIGN_STYLE = Automatic;
				CURRENT_PROJECT_VERSION = 1;
				DEVELOPMENT_ASSET_PATHS = "\"smartClass/Preview Content\"";
				DEVELOPMENT_TEAM = 6H9J2DH62C;
				ENABLE_PREVIEWS = YES;
				GENERATE_INFOPLIST_FILE = YES;
				INFOPLIST_FILE = smartClass/Info.plist;
				INFOPLIST_KEY_UIApplicationSceneManifest_Generation = YES;
				INFOPLIST_KEY_UIApplicationSupportsIndirectInputEvents = YES;
				INFOPLIST_KEY_UILaunchScreen_Generation = YES;
				INFOPLIST_KEY_UISupportedInterfaceOrientations = UIInterfaceOrientationPortrait;
				INFOPLIST_KEY_UISupportedInterfaceOrientations_iPad = "UIInterfaceOrientationLandscapeLeft UIInterfaceOrientationLandscapeRight UIInterfaceOrientationPortrait UIInterfaceOrientationPortraitUpsideDown";
				IPHONEOS_DEPLOYMENT_TARGET = 15.0;
				LD_RUNPATH_SEARCH_PATHS = (
					"$(inherited)",
					"@executable_path/Frameworks",
				);
				MARKETING_VERSION = 1.0;
				PRODUCT_BUNDLE_IDENTIFIER = ru.namari.smartClass;
				PRODUCT_NAME = "$(TARGET_NAME)";
				SUPPORTED_PLATFORMS = "iphoneos iphonesimulator";
				SUPPORTS_MACCATALYST = NO;
				SUPPORTS_MAC_DESIGNED_FOR_IPHONE_IPAD = NO;
				SWIFT_EMIT_LOC_STRINGS = YES;
				SWIFT_VERSION = 5.0;
				TARGETED_DEVICE_FAMILY = 1;
			};
			name = Debug;
		};
		A8700DFF2A1DDAD600D60253 /* Release */ = {
			isa = XCBuildConfiguration;
			buildSettings = {
				ASSETCATALOG_COMPILER_APPICON_NAME = AppIcon;
				ASSETCATALOG_COMPILER_GLOBAL_ACCENT_COLOR_NAME = AccentColor;
				CODE_SIGN_STYLE = Automatic;
				CURRENT_PROJECT_VERSION = 1;
				DEVELOPMENT_ASSET_PATHS = "\"smartClass/Preview Content\"";
				DEVELOPMENT_TEAM = 6H9J2DH62C;
				ENABLE_PREVIEWS = YES;
				GENERATE_INFOPLIST_FILE = YES;
				INFOPLIST_FILE = smartClass/Info.plist;
				INFOPLIST_KEY_UIApplicationSceneManifest_Generation = YES;
				INFOPLIST_KEY_UIApplicationSupportsIndirectInputEvents = YES;
				INFOPLIST_KEY_UILaunchScreen_Generation = YES;
				INFOPLIST_KEY_UISupportedInterfaceOrientations = UIInterfaceOrientationPortrait;
				INFOPLIST_KEY_UISupportedInterfaceOrientations_iPad = "UIInterfaceOrientationLandscapeLeft UIInterfaceOrientationLandscapeRight UIInterfaceOrientationPortrait UIInterfaceOrientationPortraitUpsideDown";
				IPHONEOS_DEPLOYMENT_TARGET = 15.0;
				LD_RUNPATH_SEARCH_PATHS = (
					"$(inherited)",
					"@executable_path/Frameworks",
				);
				MARKETING_VERSION = 1.0;
				PRODUCT_BUNDLE_IDENTIFIER = ru.namari.smartClass;
				PRODUCT_NAME = "$(TARGET_NAME)";
				SUPPORTED_PLATFORMS = "iphoneos iphonesimulator";
				SUPPORTS_MACCATALYST = NO;
				SUPPORTS_MAC_DESIGNED_FOR_IPHONE_IPAD = NO;
				SWIFT_EMIT_LOC_STRINGS = YES;
				SWIFT_VERSION = 5.0;
				TARGETED_DEVICE_FAMILY = 1;
			};
			name = Release;
		};
/* End XCBuildConfiguration section */

/* Begin XCConfigurationList section */
		A8700DEA2A1DDAD500D60253 /* Build configuration list for PBXProject "smartClass" */ = {
			isa = XCConfigurationList;
			buildConfigurations = (
				A8700DFB2A1DDAD600D60253 /* Debug */,
				A8700DFC2A1DDAD600D60253 /* Release */,
			);
			defaultConfigurationIsVisible = 0;
			defaultConfigurationName = Release;
		};
		A8700DFD2A1DDAD600D60253 /* Build configuration list for PBXNativeTarget "smartClass" */ = {
			isa = XCConfigurationList;
			buildConfigurations = (
				A8700DFE2A1DDAD600D60253 /* Debug */,
				A8700DFF2A1DDAD600D60253 /* Release */,
			);
			defaultConfigurationIsVisible = 0;
			defaultConfigurationName = Release;
		};
/* End XCConfigurationList section */

/* Begin XCRemoteSwiftPackageReference section */
		A86CA1492A404069006C3DC8 /* XCRemoteSwiftPackageReference "firebase-ios-sdk" */ = {
			isa = XCRemoteSwiftPackageReference;
			repositoryURL = "https://github.com/firebase/firebase-ios-sdk";
			requirement = {
				branch = master;
				kind = branch;
			};
		};
/* End XCRemoteSwiftPackageReference section */

/* Begin XCSwiftPackageProductDependency section */
		A86CA14A2A404069006C3DC8 /* FirebaseAuth */ = {
			isa = XCSwiftPackageProductDependency;
			package = A86CA1492A404069006C3DC8 /* XCRemoteSwiftPackageReference "firebase-ios-sdk" */;
			productName = FirebaseAuth;
		};
		A86CA14C2A404069006C3DC8 /* FirebaseFirestore */ = {
			isa = XCSwiftPackageProductDependency;
			package = A86CA1492A404069006C3DC8 /* XCRemoteSwiftPackageReference "firebase-ios-sdk" */;
			productName = FirebaseFirestore;
		};
		A86CA14E2A404069006C3DC8 /* FirebaseStorage */ = {
			isa = XCSwiftPackageProductDependency;
			package = A86CA1492A404069006C3DC8 /* XCRemoteSwiftPackageReference "firebase-ios-sdk" */;
			productName = FirebaseStorage;
		};
/* End XCSwiftPackageProductDependency section */
	};
	rootObject = A8700DE72A1DDAD500D60253 /* Project object */;
}
