// !$*UTF8*$!
{
	archiveVersion = 1;
	classes = {
	};
	objectVersion = 56;
	objects = {

/* Begin PBXBuildFile section */
		086582012A1E402700BD0DC1 /* CalendarView.swift in Sources */ = {isa = PBXBuildFile; fileRef = 086582002A1E402700BD0DC1 /* CalendarView.swift */; };
		086582032A1E405900BD0DC1 /* CalendarViewModel.swift in Sources */ = {isa = PBXBuildFile; fileRef = 086582022A1E405900BD0DC1 /* CalendarViewModel.swift */; };
		A8700DF32A1DDAD500D60253 /* smartClassApp.swift in Sources */ = {isa = PBXBuildFile; fileRef = A8700DF22A1DDAD500D60253 /* smartClassApp.swift */; };
		A8700DF52A1DDAD500D60253 /* ContentView.swift in Sources */ = {isa = PBXBuildFile; fileRef = A8700DF42A1DDAD500D60253 /* ContentView.swift */; };
		A8700DF72A1DDAD600D60253 /* Assets.xcassets in Resources */ = {isa = PBXBuildFile; fileRef = A8700DF62A1DDAD600D60253 /* Assets.xcassets */; };
		A8700DFA2A1DDAD600D60253 /* Preview Assets.xcassets in Resources */ = {isa = PBXBuildFile; fileRef = A8700DF92A1DDAD600D60253 /* Preview Assets.xcassets */; };
		A8700E022A1DDBD400D60253 /* Nunito-VariableFont.ttf in Resources */ = {isa = PBXBuildFile; fileRef = A8700E012A1DDBD400D60253 /* Nunito-VariableFont.ttf */; };
		A8700E052A1DDC2A00D60253 /* FontManager.swift in Sources */ = {isa = PBXBuildFile; fileRef = A8700E042A1DDC2A00D60253 /* FontManager.swift */; };
		A8700E082A1DDC6100D60253 /* CustomFont.swift in Sources */ = {isa = PBXBuildFile; fileRef = A8700E072A1DDC6100D60253 /* CustomFont.swift */; };
		A8700E0B2A1DDCAD00D60253 /* View.ext.swift in Sources */ = {isa = PBXBuildFile; fileRef = A8700E0A2A1DDCAD00D60253 /* View.ext.swift */; };
/* End PBXBuildFile section */

/* Begin PBXFileReference section */
		086582002A1E402700BD0DC1 /* CalendarView.swift */ = {isa = PBXFileReference; lastKnownFileType = sourcecode.swift; path = CalendarView.swift; sourceTree = "<group>"; };
		086582022A1E405900BD0DC1 /* CalendarViewModel.swift */ = {isa = PBXFileReference; lastKnownFileType = sourcecode.swift; path = CalendarViewModel.swift; sourceTree = "<group>"; };
		A8700DEF2A1DDAD500D60253 /* smartClass.app */ = {isa = PBXFileReference; explicitFileType = wrapper.application; includeInIndex = 0; path = smartClass.app; sourceTree = BUILT_PRODUCTS_DIR; };
		A8700DF22A1DDAD500D60253 /* smartClassApp.swift */ = {isa = PBXFileReference; lastKnownFileType = sourcecode.swift; path = smartClassApp.swift; sourceTree = "<group>"; };
		A8700DF42A1DDAD500D60253 /* ContentView.swift */ = {isa = PBXFileReference; lastKnownFileType = sourcecode.swift; path = ContentView.swift; sourceTree = "<group>"; };
		A8700DF62A1DDAD600D60253 /* Assets.xcassets */ = {isa = PBXFileReference; lastKnownFileType = folder.assetcatalog; path = Assets.xcassets; sourceTree = "<group>"; };
		A8700DF92A1DDAD600D60253 /* Preview Assets.xcassets */ = {isa = PBXFileReference; lastKnownFileType = folder.assetcatalog; path = "Preview Assets.xcassets"; sourceTree = "<group>"; };
		A8700E012A1DDBD400D60253 /* Nunito-VariableFont.ttf */ = {isa = PBXFileReference; lastKnownFileType = file; path = "Nunito-VariableFont.ttf"; sourceTree = "<group>"; };
		A8700E032A1DDBFC00D60253 /* Info.plist */ = {isa = PBXFileReference; lastKnownFileType = text.plist; path = Info.plist; sourceTree = "<group>"; };
		A8700E042A1DDC2A00D60253 /* FontManager.swift */ = {isa = PBXFileReference; lastKnownFileType = sourcecode.swift; path = FontManager.swift; sourceTree = "<group>"; };
		A8700E072A1DDC6100D60253 /* CustomFont.swift */ = {isa = PBXFileReference; lastKnownFileType = sourcecode.swift; path = CustomFont.swift; sourceTree = "<group>"; };
		A8700E0A2A1DDCAD00D60253 /* View.ext.swift */ = {isa = PBXFileReference; lastKnownFileType = sourcecode.swift; path = View.ext.swift; sourceTree = "<group>"; };
/* End PBXFileReference section */

/* Begin PBXFrameworksBuildPhase section */
		A8700DEC2A1DDAD500D60253 /* Frameworks */ = {
			isa = PBXFrameworksBuildPhase;
			buildActionMask = 2147483647;
			files = (
			);
			runOnlyForDeploymentPostprocessing = 0;
		};
/* End PBXFrameworksBuildPhase section */

/* Begin PBXGroup section */
		A8700DE62A1DDAD500D60253 = {
			isa = PBXGroup;
			children = (
				A8700DF12A1DDAD500D60253 /* smartClass */,
				A8700DF02A1DDAD500D60253 /* Products */,
			);
			sourceTree = "<group>";
		};
		A8700DF02A1DDAD500D60253 /* Products */ = {
			isa = PBXGroup;
			children = (
				A8700DEF2A1DDAD500D60253 /* smartClass.app */,
			);
			name = Products;
			sourceTree = "<group>";
		};
		A8700DF12A1DDAD500D60253 /* smartClass */ = {
			isa = PBXGroup;
			children = (
				A8700E092A1DDC9D00D60253 /* Extension */,
				A8700E062A1DDC4900D60253 /* Modifiers */,
				A8700E032A1DDBFC00D60253 /* Info.plist */,
				A8700E002A1DDB6B00D60253 /* Fonts */,
				A8700DF22A1DDAD500D60253 /* smartClassApp.swift */,
				A8700DF42A1DDAD500D60253 /* ContentView.swift */,
				086582002A1E402700BD0DC1 /* CalendarView.swift */,
				086582022A1E405900BD0DC1 /* CalendarViewModel.swift */,
				A8700DF62A1DDAD600D60253 /* Assets.xcassets */,
				A8700DF82A1DDAD600D60253 /* Preview Content */,
			);
			path = smartClass;
			sourceTree = "<group>";
		};
		A8700DF82A1DDAD600D60253 /* Preview Content */ = {
			isa = PBXGroup;
			children = (
				A8700DF92A1DDAD600D60253 /* Preview Assets.xcassets */,
			);
			path = "Preview Content";
			sourceTree = "<group>";
		};
		A8700E002A1DDB6B00D60253 /* Fonts */ = {
			isa = PBXGroup;
			children = (
				A8700E012A1DDBD400D60253 /* Nunito-VariableFont.ttf */,
				A8700E042A1DDC2A00D60253 /* FontManager.swift */,
			);
			path = Fonts;
			sourceTree = "<group>";
		};
		A8700E062A1DDC4900D60253 /* Modifiers */ = {
			isa = PBXGroup;
			children = (
				A8700E072A1DDC6100D60253 /* CustomFont.swift */,
			);
			path = Modifiers;
			sourceTree = "<group>";
		};
		A8700E092A1DDC9D00D60253 /* Extension */ = {
			isa = PBXGroup;
			children = (
				A8700E0A2A1DDCAD00D60253 /* View.ext.swift */,
			);
			path = Extension;
			sourceTree = "<group>";
		};
/* End PBXGroup section */

/* Begin PBXNativeTarget section */
		A8700DEE2A1DDAD500D60253 /* smartClass */ = {
			isa = PBXNativeTarget;
			buildConfigurationList = A8700DFD2A1DDAD600D60253 /* Build configuration list for PBXNativeTarget "smartClass" */;
			buildPhases = (
				A8700DEB2A1DDAD500D60253 /* Sources */,
				A8700DEC2A1DDAD500D60253 /* Frameworks */,
				A8700DED2A1DDAD500D60253 /* Resources */,
			);
			buildRules = (
			);
			dependencies = (
			);
			name = smartClass;
			productName = smartClass;
			productReference = A8700DEF2A1DDAD500D60253 /* smartClass.app */;
			productType = "com.apple.product-type.application";
		};
/* End PBXNativeTarget section */

/* Begin PBXProject section */
		A8700DE72A1DDAD500D60253 /* Project object */ = {
			isa = PBXProject;
			attributes = {
				BuildIndependentTargetsInParallel = 1;
				LastSwiftUpdateCheck = 1400;
				LastUpgradeCheck = 1400;
				TargetAttributes = {
					A8700DEE2A1DDAD500D60253 = {
						CreatedOnToolsVersion = 14.0;
					};
				};
			};
			buildConfigurationList = A8700DEA2A1DDAD500D60253 /* Build configuration list for PBXProject "smartClass" */;
			compatibilityVersion = "Xcode 14.0";
			developmentRegion = en;
			hasScannedForEncodings = 0;
			knownRegions = (
				en,
				Base,
			);
			mainGroup = A8700DE62A1DDAD500D60253;
			productRefGroup = A8700DF02A1DDAD500D60253 /* Products */;
			projectDirPath = "";
			projectRoot = "";
			targets = (
				A8700DEE2A1DDAD500D60253 /* smartClass */,
			);
		};
/* End PBXProject section */

/* Begin PBXResourcesBuildPhase section */
		A8700DED2A1DDAD500D60253 /* Resources */ = {
			isa = PBXResourcesBuildPhase;
			buildActionMask = 2147483647;
			files = (
				A8700DFA2A1DDAD600D60253 /* Preview Assets.xcassets in Resources */,
				A8700E022A1DDBD400D60253 /* Nunito-VariableFont.ttf in Resources */,
				A8700DF72A1DDAD600D60253 /* Assets.xcassets in Resources */,
			);
			runOnlyForDeploymentPostprocessing = 0;
		};
/* End PBXResourcesBuildPhase section */

/* Begin PBXSourcesBuildPhase section */
		A8700DEB2A1DDAD500D60253 /* Sources */ = {
			isa = PBXSourcesBuildPhase;
			buildActionMask = 2147483647;
			files = (
				A8700DF52A1DDAD500D60253 /* ContentView.swift in Sources */,
				A8700E082A1DDC6100D60253 /* CustomFont.swift in Sources */,
				086582012A1E402700BD0DC1 /* CalendarView.swift in Sources */,
				A8700E052A1DDC2A00D60253 /* FontManager.swift in Sources */,
				A8700DF32A1DDAD500D60253 /* smartClassApp.swift in Sources */,
				A8700E0B2A1DDCAD00D60253 /* View.ext.swift in Sources */,
				086582032A1E405900BD0DC1 /* CalendarViewModel.swift in Sources */,
			);
			runOnlyForDeploymentPostprocessing = 0;
		};
/* End PBXSourcesBuildPhase section */

/* Begin XCBuildConfiguration section */
		A8700DFB2A1DDAD600D60253 /* Debug */ = {
			isa = XCBuildConfiguration;
			buildSettings = {
				ALWAYS_SEARCH_USER_PATHS = NO;
				CLANG_ANALYZER_NONNULL = YES;
				CLANG_ANALYZER_NUMBER_OBJECT_CONVERSION = YES_AGGRESSIVE;
				CLANG_CXX_LANGUAGE_STANDARD = "gnu++20";
				CLANG_ENABLE_MODULES = YES;
				CLANG_ENABLE_OBJC_ARC = YES;
				CLANG_ENABLE_OBJC_WEAK = YES;
				CLANG_WARN_BLOCK_CAPTURE_AUTORELEASING = YES;
				CLANG_WARN_BOOL_CONVERSION = YES;
				CLANG_WARN_COMMA = YES;
				CLANG_WARN_CONSTANT_CONVERSION = YES;
				CLANG_WARN_DEPRECATED_OBJC_IMPLEMENTATIONS = YES;
				CLANG_WARN_DIRECT_OBJC_ISA_USAGE = YES_ERROR;
				CLANG_WARN_DOCUMENTATION_COMMENTS = YES;
				CLANG_WARN_EMPTY_BODY = YES;
				CLANG_WARN_ENUM_CONVERSION = YES;
				CLANG_WARN_INFINITE_RECURSION = YES;
				CLANG_WARN_INT_CONVERSION = YES;
				CLANG_WARN_NON_LITERAL_NULL_CONVERSION = YES;
				CLANG_WARN_OBJC_IMPLICIT_RETAIN_SELF = YES;
				CLANG_WARN_OBJC_LITERAL_CONVERSION = YES;
				CLANG_WARN_OBJC_ROOT_CLASS = YES_ERROR;
				CLANG_WARN_QUOTED_INCLUDE_IN_FRAMEWORK_HEADER = YES;
				CLANG_WARN_RANGE_LOOP_ANALYSIS = YES;
				CLANG_WARN_STRICT_PROTOTYPES = YES;
				CLANG_WARN_SUSPICIOUS_MOVE = YES;
				CLANG_WARN_UNGUARDED_AVAILABILITY = YES_AGGRESSIVE;
				CLANG_WARN_UNREACHABLE_CODE = YES;
				CLANG_WARN__DUPLICATE_METHOD_MATCH = YES;
				COPY_PHASE_STRIP = NO;
				DEBUG_INFORMATION_FORMAT = dwarf;
				ENABLE_STRICT_OBJC_MSGSEND = YES;
				ENABLE_TESTABILITY = YES;
				GCC_C_LANGUAGE_STANDARD = gnu11;
				GCC_DYNAMIC_NO_PIC = NO;
				GCC_NO_COMMON_BLOCKS = YES;
				GCC_OPTIMIZATION_LEVEL = 0;
				GCC_PREPROCESSOR_DEFINITIONS = (
					"DEBUG=1",
					"$(inherited)",
				);
				GCC_WARN_64_TO_32_BIT_CONVERSION = YES;
				GCC_WARN_ABOUT_RETURN_TYPE = YES_ERROR;
				GCC_WARN_UNDECLARED_SELECTOR = YES;
				GCC_WARN_UNINITIALIZED_AUTOS = YES_AGGRESSIVE;
				GCC_WARN_UNUSED_FUNCTION = YES;
				GCC_WARN_UNUSED_VARIABLE = YES;
				IPHONEOS_DEPLOYMENT_TARGET = 16.0;
				MTL_ENABLE_DEBUG_INFO = INCLUDE_SOURCE;
				MTL_FAST_MATH = YES;
				ONLY_ACTIVE_ARCH = YES;
				SDKROOT = iphoneos;
				SWIFT_ACTIVE_COMPILATION_CONDITIONS = DEBUG;
				SWIFT_OPTIMIZATION_LEVEL = "-Onone";
			};
			name = Debug;
		};
		A8700DFC2A1DDAD600D60253 /* Release */ = {
			isa = XCBuildConfiguration;
			buildSettings = {
				ALWAYS_SEARCH_USER_PATHS = NO;
				CLANG_ANALYZER_NONNULL = YES;
				CLANG_ANALYZER_NUMBER_OBJECT_CONVERSION = YES_AGGRESSIVE;
				CLANG_CXX_LANGUAGE_STANDARD = "gnu++20";
				CLANG_ENABLE_MODULES = YES;
				CLANG_ENABLE_OBJC_ARC = YES;
				CLANG_ENABLE_OBJC_WEAK = YES;
				CLANG_WARN_BLOCK_CAPTURE_AUTORELEASING = YES;
				CLANG_WARN_BOOL_CONVERSION = YES;
				CLANG_WARN_COMMA = YES;
				CLANG_WARN_CONSTANT_CONVERSION = YES;
				CLANG_WARN_DEPRECATED_OBJC_IMPLEMENTATIONS = YES;
				CLANG_WARN_DIRECT_OBJC_ISA_USAGE = YES_ERROR;
				CLANG_WARN_DOCUMENTATION_COMMENTS = YES;
				CLANG_WARN_EMPTY_BODY = YES;
				CLANG_WARN_ENUM_CONVERSION = YES;
				CLANG_WARN_INFINITE_RECURSION = YES;
				CLANG_WARN_INT_CONVERSION = YES;
				CLANG_WARN_NON_LITERAL_NULL_CONVERSION = YES;
				CLANG_WARN_OBJC_IMPLICIT_RETAIN_SELF = YES;
				CLANG_WARN_OBJC_LITERAL_CONVERSION = YES;
				CLANG_WARN_OBJC_ROOT_CLASS = YES_ERROR;
				CLANG_WARN_QUOTED_INCLUDE_IN_FRAMEWORK_HEADER = YES;
				CLANG_WARN_RANGE_LOOP_ANALYSIS = YES;
				CLANG_WARN_STRICT_PROTOTYPES = YES;
				CLANG_WARN_SUSPICIOUS_MOVE = YES;
				CLANG_WARN_UNGUARDED_AVAILABILITY = YES_AGGRESSIVE;
				CLANG_WARN_UNREACHABLE_CODE = YES;
				CLANG_WARN__DUPLICATE_METHOD_MATCH = YES;
				COPY_PHASE_STRIP = NO;
				DEBUG_INFORMATION_FORMAT = "dwarf-with-dsym";
				ENABLE_NS_ASSERTIONS = NO;
				ENABLE_STRICT_OBJC_MSGSEND = YES;
				GCC_C_LANGUAGE_STANDARD = gnu11;
				GCC_NO_COMMON_BLOCKS = YES;
				GCC_WARN_64_TO_32_BIT_CONVERSION = YES;
				GCC_WARN_ABOUT_RETURN_TYPE = YES_ERROR;
				GCC_WARN_UNDECLARED_SELECTOR = YES;
				GCC_WARN_UNINITIALIZED_AUTOS = YES_AGGRESSIVE;
				GCC_WARN_UNUSED_FUNCTION = YES;
				GCC_WARN_UNUSED_VARIABLE = YES;
				IPHONEOS_DEPLOYMENT_TARGET = 16.0;
				MTL_ENABLE_DEBUG_INFO = NO;
				MTL_FAST_MATH = YES;
				SDKROOT = iphoneos;
				SWIFT_COMPILATION_MODE = wholemodule;
				SWIFT_OPTIMIZATION_LEVEL = "-O";
				VALIDATE_PRODUCT = YES;
			};
			name = Release;
		};
		A8700DFE2A1DDAD600D60253 /* Debug */ = {
			isa = XCBuildConfiguration;
			buildSettings = {
				ASSETCATALOG_COMPILER_APPICON_NAME = AppIcon;
				ASSETCATALOG_COMPILER_GLOBAL_ACCENT_COLOR_NAME = AccentColor;
				CODE_SIGN_STYLE = Automatic;
				CURRENT_PROJECT_VERSION = 1;
				DEVELOPMENT_ASSET_PATHS = "\"smartClass/Preview Content\"";
				DEVELOPMENT_TEAM = 6H9J2DH62C;
				ENABLE_PREVIEWS = YES;
				GENERATE_INFOPLIST_FILE = YES;
				INFOPLIST_FILE = smartClass/Info.plist;
				INFOPLIST_KEY_UIApplicationSceneManifest_Generation = YES;
				INFOPLIST_KEY_UIApplicationSupportsIndirectInputEvents = YES;
				INFOPLIST_KEY_UILaunchScreen_Generation = YES;
				INFOPLIST_KEY_UISupportedInterfaceOrientations = UIInterfaceOrientationPortrait;
				INFOPLIST_KEY_UISupportedInterfaceOrientations_iPad = "UIInterfaceOrientationLandscapeLeft UIInterfaceOrientationLandscapeRight UIInterfaceOrientationPortrait UIInterfaceOrientationPortraitUpsideDown";
				IPHONEOS_DEPLOYMENT_TARGET = 15.0;
				LD_RUNPATH_SEARCH_PATHS = (
					"$(inherited)",
					"@executable_path/Frameworks",
				);
				MARKETING_VERSION = 1.0;
				PRODUCT_BUNDLE_IDENTIFIER = ru.namari.smartClass;
				PRODUCT_NAME = "$(TARGET_NAME)";
				SUPPORTED_PLATFORMS = "iphoneos iphonesimulator";
				SUPPORTS_MACCATALYST = NO;
				SUPPORTS_MAC_DESIGNED_FOR_IPHONE_IPAD = NO;
				SWIFT_EMIT_LOC_STRINGS = YES;
				SWIFT_VERSION = 5.0;
				TARGETED_DEVICE_FAMILY = 1;
			};
			name = Debug;
		};
		A8700DFF2A1DDAD600D60253 /* Release */ = {
			isa = XCBuildConfiguration;
			buildSettings = {
				ASSETCATALOG_COMPILER_APPICON_NAME = AppIcon;
				ASSETCATALOG_COMPILER_GLOBAL_ACCENT_COLOR_NAME = AccentColor;
				CODE_SIGN_STYLE = Automatic;
				CURRENT_PROJECT_VERSION = 1;
				DEVELOPMENT_ASSET_PATHS = "\"smartClass/Preview Content\"";
				DEVELOPMENT_TEAM = 6H9J2DH62C;
				ENABLE_PREVIEWS = YES;
				GENERATE_INFOPLIST_FILE = YES;
				INFOPLIST_FILE = smartClass/Info.plist;
				INFOPLIST_KEY_UIApplicationSceneManifest_Generation = YES;
				INFOPLIST_KEY_UIApplicationSupportsIndirectInputEvents = YES;
				INFOPLIST_KEY_UILaunchScreen_Generation = YES;
				INFOPLIST_KEY_UISupportedInterfaceOrientations = UIInterfaceOrientationPortrait;
				INFOPLIST_KEY_UISupportedInterfaceOrientations_iPad = "UIInterfaceOrientationLandscapeLeft UIInterfaceOrientationLandscapeRight UIInterfaceOrientationPortrait UIInterfaceOrientationPortraitUpsideDown";
				IPHONEOS_DEPLOYMENT_TARGET = 15.0;
				LD_RUNPATH_SEARCH_PATHS = (
					"$(inherited)",
					"@executable_path/Frameworks",
				);
				MARKETING_VERSION = 1.0;
				PRODUCT_BUNDLE_IDENTIFIER = ru.namari.smartClass;
				PRODUCT_NAME = "$(TARGET_NAME)";
				SUPPORTED_PLATFORMS = "iphoneos iphonesimulator";
				SUPPORTS_MACCATALYST = NO;
				SUPPORTS_MAC_DESIGNED_FOR_IPHONE_IPAD = NO;
				SWIFT_EMIT_LOC_STRINGS = YES;
				SWIFT_VERSION = 5.0;
				TARGETED_DEVICE_FAMILY = 1;
			};
			name = Release;
		};
/* End XCBuildConfiguration section */

/* Begin XCConfigurationList section */
		A8700DEA2A1DDAD500D60253 /* Build configuration list for PBXProject "smartClass" */ = {
			isa = XCConfigurationList;
			buildConfigurations = (
				A8700DFB2A1DDAD600D60253 /* Debug */,
				A8700DFC2A1DDAD600D60253 /* Release */,
			);
			defaultConfigurationIsVisible = 0;
			defaultConfigurationName = Release;
		};
		A8700DFD2A1DDAD600D60253 /* Build configuration list for PBXNativeTarget "smartClass" */ = {
			isa = XCConfigurationList;
			buildConfigurations = (
				A8700DFE2A1DDAD600D60253 /* Debug */,
				A8700DFF2A1DDAD600D60253 /* Release */,
			);
			defaultConfigurationIsVisible = 0;
			defaultConfigurationName = Release;
		};
/* End XCConfigurationList section */
	};
	rootObject = A8700DE72A1DDAD500D60253 /* Project object */;
}
